Microsoft Visual Studio Solution File, Format Version 12.00
# Visual Studio Version 17
VisualStudioVersion = 17.5.2.0
MinimumVisualStudioVersion = 10.0.40219.1
Project("{FAE04EC0-301F-11D3-BF4B-00C04F79EFBC}") = "SmartRetailAPI", "SmartRetailAPI.csproj", "{179F5359-A0CA-2139-34A7-2258C12E92BB}"
EndProject
Global
	GlobalSection(SolutionConfigurationPlatforms) = preSolution
		Debug|Any CPU = Debug|Any CPU
		Release|Any CPU = Release|Any CPU
	EndGlobalSection
	GlobalSection(ProjectConfigurationPlatforms) = postSolution
		{179F5359-A0CA-2139-34A7-2258C12E92BB}.Debug|Any CPU.ActiveCfg = Debug|Any CPU
		{179F5359-A0CA-2139-34A7-2258C12E92BB}.Debug|Any CPU.Build.0 = Debug|Any CPU
		{179F5359-A0CA-2139-34A7-2258C12E92BB}.Release|Any CPU.ActiveCfg = Release|Any CPU
		{179F5359-A0CA-2139-34A7-2258C12E92BB}.Release|Any CPU.Build.0 = Release|Any CPU
	EndGlobalSection
	GlobalSection(SolutionProperties) = preSolution
		HideSolutionNode = FALSE
	EndGlobalSection
	GlobalSection(ExtensibilityGlobals) = postSolution
		SolutionGuid = {27C1CA4B-7B51-447C-83E5-63AFE054552F}
	EndGlobalSection
EndGlobal
