Microsoft Visual Studio Solution File, Format Version 12.00
# Visual Studio Version 17
VisualStudioVersion = 17.5.2.0
MinimumVisualStudioVersion = 10.0.40219.1
Project("{FAE04EC0-301F-11D3-BF4B-00C04F79EFBC}") = "SmartRetailMVC", "SmartRetailMVC.csproj", "{0A0FA3A1-FE0E-DE3D-5DCE-50056357973E}"
EndProject
Global
	GlobalSection(SolutionConfigurationPlatforms) = preSolution
		Debug|Any CPU = Debug|Any CPU
		Release|Any CPU = Release|Any CPU
	EndGlobalSection
	GlobalSection(ProjectConfigurationPlatforms) = postSolution
		{0A0FA3A1-FE0E-DE3D-5DCE-50056357973E}.Debug|Any CPU.ActiveCfg = Debug|Any CPU
		{0A0FA3A1-FE0E-DE3D-5DCE-50056357973E}.Debug|Any CPU.Build.0 = Debug|Any CPU
		{0A0FA3A1-FE0E-DE3D-5DCE-50056357973E}.Release|Any CPU.ActiveCfg = Release|Any CPU
		{0A0FA3A1-FE0E-DE3D-5DCE-50056357973E}.Release|Any CPU.Build.0 = Release|Any CPU
	EndGlobalSection
	GlobalSection(SolutionProperties) = preSolution
		HideSolutionNode = FALSE
	EndGlobalSection
	GlobalSection(ExtensibilityGlobals) = postSolution
		SolutionGuid = {160F460B-D32D-49D3-AB95-9C15C13EF8B3}
	EndGlobalSection
EndGlobal
