
Microsoft Visual Studio Solution File, Format Version 12.00
# Visual Studio Version 18
VisualStudioVersion = 18.1.11312.151 d18.0
MinimumVisualStudioVersion = 10.0.40219.1
Project("{FAE04EC0-301F-11D3-BF4B-00C04F79EFBC}") = "InsertElement", "InsertElement.csproj", "{986F1D5C-4F57-DF8B-2880-4540A3DAB79D}"
EndProject
Global
	GlobalSection(SolutionConfigurationPlatforms) = preSolution
		Debug|Any CPU = Debug|Any CPU
		Release|Any CPU = Release|Any CPU
	EndGlobalSection
	GlobalSection(ProjectConfigurationPlatforms) = postSolution
		{986F1D5C-4F57-DF8B-2880-4540A3DAB79D}.Debug|Any CPU.ActiveCfg = Debug|Any CPU
		{986F1D5C-4F57-DF8B-2880-4540A3DAB79D}.Debug|Any CPU.Build.0 = Debug|Any CPU
		{986F1D5C-4F57-DF8B-2880-4540A3DAB79D}.Release|Any CPU.ActiveCfg = Release|Any CPU
		{986F1D5C-4F57-DF8B-2880-4540A3DAB79D}.Release|Any CPU.Build.0 = Release|Any CPU
	EndGlobalSection
	GlobalSection(SolutionProperties) = preSolution
		HideSolutionNode = FALSE
	EndGlobalSection
	GlobalSection(ExtensibilityGlobals) = postSolution
		SolutionGuid = {289D08D2-84C9-495D-A3DC-EC27F1562453}
	EndGlobalSection
EndGlobal
