
Microsoft Visual Studio Solution File, Format Version 12.00
# Visual Studio Version 18
VisualStudioVersion = 18.1.11312.151 d18.0
MinimumVisualStudioVersion = 10.0.40219.1
Project("{FAE04EC0-301F-11D3-BF4B-00C04F79EFBC}") = "RemoveNegative", "RemoveNegative.csproj", "{A1BB3F72-3A68-2E1D-F250-BBA496502BBB}"
EndProject
Global
	GlobalSection(SolutionConfigurationPlatforms) = preSolution
		Debug|Any CPU = Debug|Any CPU
		Release|Any CPU = Release|Any CPU
	EndGlobalSection
	GlobalSection(ProjectConfigurationPlatforms) = postSolution
		{A1BB3F72-3A68-2E1D-F250-BBA496502BBB}.Debug|Any CPU.ActiveCfg = Debug|Any CPU
		{A1BB3F72-3A68-2E1D-F250-BBA496502BBB}.Debug|Any CPU.Build.0 = Debug|Any CPU
		{A1BB3F72-3A68-2E1D-F250-BBA496502BBB}.Release|Any CPU.ActiveCfg = Release|Any CPU
		{A1BB3F72-3A68-2E1D-F250-BBA496502BBB}.Release|Any CPU.Build.0 = Release|Any CPU
	EndGlobalSection
	GlobalSection(SolutionProperties) = preSolution
		HideSolutionNode = FALSE
	EndGlobalSection
	GlobalSection(ExtensibilityGlobals) = postSolution
		SolutionGuid = {F08BC313-8235-4980-B704-AB903E959C86}
	EndGlobalSection
EndGlobal
