
Microsoft Visual Studio Solution File, Format Version 12.00
# Visual Studio Version 18
VisualStudioVersion = 18.1.11312.151 d18.0
MinimumVisualStudioVersion = 10.0.40219.1
Project("{FAE04EC0-301F-11D3-BF4B-00C04F79EFBC}") = "FindHowMany", "FindHowMany.csproj", "{8DA5C07C-64F3-30EF-4A8C-B850F586728D}"
EndProject
Global
	GlobalSection(SolutionConfigurationPlatforms) = preSolution
		Debug|Any CPU = Debug|Any CPU
		Release|Any CPU = Release|Any CPU
	EndGlobalSection
	GlobalSection(ProjectConfigurationPlatforms) = postSolution
		{8DA5C07C-64F3-30EF-4A8C-B850F586728D}.Debug|Any CPU.ActiveCfg = Debug|Any CPU
		{8DA5C07C-64F3-30EF-4A8C-B850F586728D}.Debug|Any CPU.Build.0 = Debug|Any CPU
		{8DA5C07C-64F3-30EF-4A8C-B850F586728D}.Release|Any CPU.ActiveCfg = Release|Any CPU
		{8DA5C07C-64F3-30EF-4A8C-B850F586728D}.Release|Any CPU.Build.0 = Release|Any CPU
	EndGlobalSection
	GlobalSection(SolutionProperties) = preSolution
		HideSolutionNode = FALSE
	EndGlobalSection
	GlobalSection(ExtensibilityGlobals) = postSolution
		SolutionGuid = {2CAA5513-21B4-475A-A458-77D176752071}
	EndGlobalSection
EndGlobal
