
Microsoft Visual Studio Solution File, Format Version 12.00
# Visual Studio Version 18
VisualStudioVersion = 18.1.11312.151 d18.0
MinimumVisualStudioVersion = 10.0.40219.1
Project("{FAE04EC0-301F-11D3-BF4B-00C04F79EFBC}") = "SearchForAElement", "SearchForAElement.csproj", "{9DB4087F-7A5E-69AC-C3D4-6FAEA5F02A70}"
EndProject
Global
	GlobalSection(SolutionConfigurationPlatforms) = preSolution
		Debug|Any CPU = Debug|Any CPU
		Release|Any CPU = Release|Any CPU
	EndGlobalSection
	GlobalSection(ProjectConfigurationPlatforms) = postSolution
		{9DB4087F-7A5E-69AC-C3D4-6FAEA5F02A70}.Debug|Any CPU.ActiveCfg = Debug|Any CPU
		{9DB4087F-7A5E-69AC-C3D4-6FAEA5F02A70}.Debug|Any CPU.Build.0 = Debug|Any CPU
		{9DB4087F-7A5E-69AC-C3D4-6FAEA5F02A70}.Release|Any CPU.ActiveCfg = Release|Any CPU
		{9DB4087F-7A5E-69AC-C3D4-6FAEA5F02A70}.Release|Any CPU.Build.0 = Release|Any CPU
	EndGlobalSection
	GlobalSection(SolutionProperties) = preSolution
		HideSolutionNode = FALSE
	EndGlobalSection
	GlobalSection(ExtensibilityGlobals) = postSolution
		SolutionGuid = {9C3017F0-7F8E-4F86-BF85-F98D3E67F113}
	EndGlobalSection
EndGlobal
