
Microsoft Visual Studio Solution File, Format Version 12.00
# Visual Studio Version 18
VisualStudioVersion = 18.1.11312.151 d18.0
MinimumVisualStudioVersion = 10.0.40219.1
Project("{FAE04EC0-301F-11D3-BF4B-00C04F79EFBC}") = "InterfaceExample", "InterfaceExample.csproj", "{78C05994-6771-517B-D22B-C87F5C713CD9}"
EndProject
Project("{2150E333-8FDC-42A3-9474-1A3956D46DE8}") = "Solution Items", "Solution Items", "{4E8621B6-7907-4FE3-AF1D-284C1100AEB6}"
	ProjectSection(SolutionItems) = preProject
		Inter.cs = Inter.cs
	EndProjectSection
EndProject
Global
	GlobalSection(SolutionConfigurationPlatforms) = preSolution
		Debug|Any CPU = Debug|Any CPU
		Release|Any CPU = Release|Any CPU
	EndGlobalSection
	GlobalSection(ProjectConfigurationPlatforms) = postSolution
		{78C05994-6771-517B-D22B-C87F5C713CD9}.Debug|Any CPU.ActiveCfg = Debug|Any CPU
		{78C05994-6771-517B-D22B-C87F5C713CD9}.Debug|Any CPU.Build.0 = Debug|Any CPU
		{78C05994-6771-517B-D22B-C87F5C713CD9}.Release|Any CPU.ActiveCfg = Release|Any CPU
		{78C05994-6771-517B-D22B-C87F5C713CD9}.Release|Any CPU.Build.0 = Release|Any CPU
	EndGlobalSection
	GlobalSection(SolutionProperties) = preSolution
		HideSolutionNode = FALSE
	EndGlobalSection
	GlobalSection(ExtensibilityGlobals) = postSolution
		SolutionGuid = {86BC83CA-484B-4AA6-8EE3-38CA97625CE5}
	EndGlobalSection
EndGlobal
