
Microsoft Visual Studio Solution File, Format Version 12.00
# Visual Studio Version 18
VisualStudioVersion = 18.1.11312.151 d18.0
MinimumVisualStudioVersion = 10.0.40219.1
Project("{FAE04EC0-301F-11D3-BF4B-00C04F79EFBC}") = "SumOfSquaresOfOddDigit", "SumOfSquaresOfOddDigit.csproj", "{C69EA8B8-C96F-662D-18BA-59EA5D94A9D6}"
EndProject
Global
	GlobalSection(SolutionConfigurationPlatforms) = preSolution
		Debug|Any CPU = Debug|Any CPU
		Release|Any CPU = Release|Any CPU
	EndGlobalSection
	GlobalSection(ProjectConfigurationPlatforms) = postSolution
		{C69EA8B8-C96F-662D-18BA-59EA5D94A9D6}.Debug|Any CPU.ActiveCfg = Debug|Any CPU
		{C69EA8B8-C96F-662D-18BA-59EA5D94A9D6}.Debug|Any CPU.Build.0 = Debug|Any CPU
		{C69EA8B8-C96F-662D-18BA-59EA5D94A9D6}.Release|Any CPU.ActiveCfg = Release|Any CPU
		{C69EA8B8-C96F-662D-18BA-59EA5D94A9D6}.Release|Any CPU.Build.0 = Release|Any CPU
	EndGlobalSection
	GlobalSection(SolutionProperties) = preSolution
		HideSolutionNode = FALSE
	EndGlobalSection
	GlobalSection(ExtensibilityGlobals) = postSolution
		SolutionGuid = {F08F2E4E-B94B-45C5-B521-E799024BCCD6}
	EndGlobalSection
EndGlobal
